Microsoft Visual Studio Solution File, Format Version 12.00
# Visual Studio 2012
Project("{FAE04EC0-301F-11D3-BF4B-00C04F79EFBC}") = "Dodge", "Dodge.csproj", "{B56A0FBA-988E-40C2-ACDE-6EEAF14EAFDA}"
EndProject
Global
	GlobalSection(SolutionConfigurationPlatforms) = preSolution
	Debug|Any CPU = Debug|Any CPU
	ExportDebug|Any CPU = ExportDebug|Any CPU
	ExportRelease|Any CPU = ExportRelease|Any CPU
	EndGlobalSection
	GlobalSection(ProjectConfigurationPlatforms) = postSolution
		{B56A0FBA-988E-40C2-ACDE-6EEAF14EAFDA}.Debug|Any CPU.ActiveCfg = Debug|Any CPU
		{B56A0FBA-988E-40C2-ACDE-6EEAF14EAFDA}.Debug|Any CPU.Build.0 = Debug|Any CPU
		{B56A0FBA-988E-40C2-ACDE-6EEAF14EAFDA}.ExportDebug|Any CPU.ActiveCfg = ExportDebug|Any CPU
		{B56A0FBA-988E-40C2-ACDE-6EEAF14EAFDA}.ExportDebug|Any CPU.Build.0 = ExportDebug|Any CPU
		{B56A0FBA-988E-40C2-ACDE-6EEAF14EAFDA}.ExportRelease|Any CPU.ActiveCfg = ExportRelease|Any CPU
		{B56A0FBA-988E-40C2-ACDE-6EEAF14EAFDA}.ExportRelease|Any CPU.Build.0 = ExportRelease|Any CPU
	EndGlobalSection
EndGlobal
